{
  "meteor": {},
  "dependencies": {
    "basePackages": {
      "bootstrap-3": {},
      "font-awesome": {},
      "jquery-validation": {},
      "bootstrap-datepicker2": {}
    },
    "packages": {
      "bootstrap-3": {
        "git": "https://github.com/mangasocial/meteor-bootstrap-3.git",
        "tag": "v0.3.5",
        "commit": "47996f67f3987c9f82117394effcbe1586a4fe29"
      },
      "font-awesome": {
        "git": "https://github.com/nate-strauser/meteor-font-awesome.git",
        "tag": "v3.2.1",
        "commit": "38bdfff72dfb8857b272f9a9b056045d6a015489"
      },
      "jquery-validation": {
        "git": "https://github.com/properapp/jquery-validation.git",
        "tag": "v0.1.1",
        "commit": "5eea71ab67b13e0146e87727bf001dec9c5a3b85"
      },
      "bootstrap-datepicker2": {
        "git": "https://github.com/deepwell/meteor-bootstrap-datepicker.git",
        "tag": "v1.1.3",
        "commit": "4581eef4760ad2022d0143dcc8cc0a28afc2f7a2"
      }
    }
  }
}
